
Microsoft Visual Studio Solution File, Format Version 12.00
# Visual Studio Version 16
VisualStudioVersion = 16.0.29001.49
MinimumVisualStudioVersion = 10.0.40219.1
Project("{FAE04EC0-301F-11D3-BF4B-00C04F79EFBC}") = "ContextoEstatico", "ContextoEstatico\ContextoEstatico.csproj", "{C70E4859-2FFE-44B6-A02B-099D1D878519}"
EndProject
Global
	GlobalSection(SolutionConfigurationPlatforms) = preSolution
		Debug|Any CPU = Debug|Any CPU
		Release|Any CPU = Release|Any CPU
	EndGlobalSection
	GlobalSection(ProjectConfigurationPlatforms) = postSolution
		{C70E4859-2FFE-44B6-A02B-099D1D878519}.Debug|Any CPU.ActiveCfg = Debug|Any CPU
		{C70E4859-2FFE-44B6-A02B-099D1D878519}.Debug|Any CPU.Build.0 = Debug|Any CPU
		{C70E4859-2FFE-44B6-A02B-099D1D878519}.Release|Any CPU.ActiveCfg = Release|Any CPU
		{C70E4859-2FFE-44B6-A02B-099D1D878519}.Release|Any CPU.Build.0 = Release|Any CPU
	EndGlobalSection
	GlobalSection(SolutionProperties) = preSolution
		HideSolutionNode = FALSE
	EndGlobalSection
	GlobalSection(ExtensibilityGlobals) = postSolution
		SolutionGuid = {D3F201C9-9489-4A4C-8005-441300E78CAD}
	EndGlobalSection
EndGlobal
